
Microsoft Visual Studio Solution File, Format Version 12.00
Project("{FAE04EC0-301F-11D3-BF4B-00C04F79EFBC}") = "BearRP", "BearRP\BearRP.csproj", "{ACE1A004-FE7C-4C8F-9703-962C276C1114}"
EndProject
Project("{FAE04EC0-301F-11D3-BF4B-00C04F79EFBC}") = "Wandering", "Wandering\Wandering.csproj", "{F778C9C4-B8EA-44A8-8013-4AC153068859}"
EndProject
Project("{FAE04EC0-301F-11D3-BF4B-00C04F79EFBC}") = "BearCore", "BearCore\BearCore.csproj", "{6651B9DA-5E63-4E4F-93F1-DFB62EA88253}"
EndProject
Global
	GlobalSection(SolutionConfigurationPlatforms) = preSolution
		Debug|Any CPU = Debug|Any CPU
		Debug|x64 = Debug|x64
		Debug|x86 = Debug|x86
		Release|Any CPU = Release|Any CPU
		Release|x64 = Release|x64
		Release|x86 = Release|x86
	EndGlobalSection
	GlobalSection(ProjectConfigurationPlatforms) = postSolution
		{ACE1A004-FE7C-4C8F-9703-962C276C1114}.Debug|Any CPU.ActiveCfg = Debug|Any CPU
		{ACE1A004-FE7C-4C8F-9703-962C276C1114}.Debug|Any CPU.Build.0 = Debug|Any CPU
		{ACE1A004-FE7C-4C8F-9703-962C276C1114}.Debug|x64.ActiveCfg = Debug|Any CPU
		{ACE1A004-FE7C-4C8F-9703-962C276C1114}.Debug|x64.Build.0 = Debug|Any CPU
		{ACE1A004-FE7C-4C8F-9703-962C276C1114}.Debug|x86.ActiveCfg = Debug|Any CPU
		{ACE1A004-FE7C-4C8F-9703-962C276C1114}.Debug|x86.Build.0 = Debug|Any CPU
		{ACE1A004-FE7C-4C8F-9703-962C276C1114}.Release|Any CPU.ActiveCfg = Release|Any CPU
		{ACE1A004-FE7C-4C8F-9703-962C276C1114}.Release|Any CPU.Build.0 = Release|Any CPU
		{ACE1A004-FE7C-4C8F-9703-962C276C1114}.Release|x64.ActiveCfg = Release|Any CPU
		{ACE1A004-FE7C-4C8F-9703-962C276C1114}.Release|x64.Build.0 = Release|Any CPU
		{ACE1A004-FE7C-4C8F-9703-962C276C1114}.Release|x86.ActiveCfg = Release|Any CPU
		{ACE1A004-FE7C-4C8F-9703-962C276C1114}.Release|x86.Build.0 = Release|Any CPU
		{F778C9C4-B8EA-44A8-8013-4AC153068859}.Debug|Any CPU.ActiveCfg = Debug|Any CPU
		{F778C9C4-B8EA-44A8-8013-4AC153068859}.Debug|Any CPU.Build.0 = Debug|Any CPU
		{F778C9C4-B8EA-44A8-8013-4AC153068859}.Debug|x64.ActiveCfg = Debug|Any CPU
		{F778C9C4-B8EA-44A8-8013-4AC153068859}.Debug|x64.Build.0 = Debug|Any CPU
		{F778C9C4-B8EA-44A8-8013-4AC153068859}.Debug|x86.ActiveCfg = Debug|Any CPU
		{F778C9C4-B8EA-44A8-8013-4AC153068859}.Debug|x86.Build.0 = Debug|Any CPU
		{F778C9C4-B8EA-44A8-8013-4AC153068859}.Release|Any CPU.ActiveCfg = Release|Any CPU
		{F778C9C4-B8EA-44A8-8013-4AC153068859}.Release|Any CPU.Build.0 = Release|Any CPU
		{F778C9C4-B8EA-44A8-8013-4AC153068859}.Release|x64.ActiveCfg = Release|Any CPU
		{F778C9C4-B8EA-44A8-8013-4AC153068859}.Release|x64.Build.0 = Release|Any CPU
		{F778C9C4-B8EA-44A8-8013-4AC153068859}.Release|x86.ActiveCfg = Release|Any CPU
		{F778C9C4-B8EA-44A8-8013-4AC153068859}.Release|x86.Build.0 = Release|Any CPU
		{6651B9DA-5E63-4E4F-93F1-DFB62EA88253}.Debug|Any CPU.ActiveCfg = Debug|Any CPU
		{6651B9DA-5E63-4E4F-93F1-DFB62EA88253}.Debug|Any CPU.Build.0 = Debug|Any CPU
		{6651B9DA-5E63-4E4F-93F1-DFB62EA88253}.Debug|x64.ActiveCfg = Debug|Any CPU
		{6651B9DA-5E63-4E4F-93F1-DFB62EA88253}.Debug|x64.Build.0 = Debug|Any CPU
		{6651B9DA-5E63-4E4F-93F1-DFB62EA88253}.Debug|x86.ActiveCfg = Debug|Any CPU
		{6651B9DA-5E63-4E4F-93F1-DFB62EA88253}.Debug|x86.Build.0 = Debug|Any CPU
		{6651B9DA-5E63-4E4F-93F1-DFB62EA88253}.Release|Any CPU.ActiveCfg = Release|Any CPU
		{6651B9DA-5E63-4E4F-93F1-DFB62EA88253}.Release|Any CPU.Build.0 = Release|Any CPU
		{6651B9DA-5E63-4E4F-93F1-DFB62EA88253}.Release|x64.ActiveCfg = Release|Any CPU
		{6651B9DA-5E63-4E4F-93F1-DFB62EA88253}.Release|x64.Build.0 = Release|Any CPU
		{6651B9DA-5E63-4E4F-93F1-DFB62EA88253}.Release|x86.ActiveCfg = Release|Any CPU
		{6651B9DA-5E63-4E4F-93F1-DFB62EA88253}.Release|x86.Build.0 = Release|Any CPU
	EndGlobalSection
	GlobalSection(SolutionProperties) = preSolution
		HideSolutionNode = FALSE
	EndGlobalSection
EndGlobal
